
Microsoft Visual Studio Solution File, Format Version 12.00
# Visual Studio 2012
Project("{FAE04EC0-301F-11D3-BF4B-00C04F79EFBC}") = "PatchAssemblyInfoFiles", "PatchAssemblyInfoFiles\PatchAssemblyInfoFiles.csproj", "{A44A4FF4-9ECA-452C-ABC2-B93F3ECDAE8A}"
EndProject
Project("{2150E333-8FDC-42A3-9474-1A3956D46DE8}") = ".nuget", ".nuget", "{BA5C8B9B-E772-4213-A750-CE1E3B41FEB8}"
EndProject
Global
	GlobalSection(SolutionConfigurationPlatforms) = preSolution
		Debug|Any CPU = Debug|Any CPU
		Release|Any CPU = Release|Any CPU
	EndGlobalSection
	GlobalSection(ProjectConfigurationPlatforms) = postSolution
		{A44A4FF4-9ECA-452C-ABC2-B93F3ECDAE8A}.Debug|Any CPU.ActiveCfg = Debug|Any CPU
		{A44A4FF4-9ECA-452C-ABC2-B93F3ECDAE8A}.Debug|Any CPU.Build.0 = Debug|Any CPU
		{A44A4FF4-9ECA-452C-ABC2-B93F3ECDAE8A}.Release|Any CPU.ActiveCfg = Release|Any CPU
		{A44A4FF4-9ECA-452C-ABC2-B93F3ECDAE8A}.Release|Any CPU.Build.0 = Release|Any CPU
	EndGlobalSection
	GlobalSection(SolutionProperties) = preSolution
		HideSolutionNode = FALSE
	EndGlobalSection
EndGlobal
